
Microsoft Visual Studio Solution File, Format Version 12.00
# Visual Studio Version 17
VisualStudioVersion = 17.6.33829.357
MinimumVisualStudioVersion = 10.0.40219.1
Project("{FAE04EC0-301F-11D3-BF4B-00C04F79EFBC}") = "Calculo dos dias de uma pessoa", "Calculo dos dias de uma pessoa\Calculo dos dias de uma pessoa.csproj", "{0817CD3B-52D4-4FAC-84C0-6C6130947B10}"
EndProject
Global
	GlobalSection(SolutionConfigurationPlatforms) = preSolution
		Debug|Any CPU = Debug|Any CPU
		Release|Any CPU = Release|Any CPU
	EndGlobalSection
	GlobalSection(ProjectConfigurationPlatforms) = postSolution
		{0817CD3B-52D4-4FAC-84C0-6C6130947B10}.Debug|Any CPU.ActiveCfg = Debug|Any CPU
		{0817CD3B-52D4-4FAC-84C0-6C6130947B10}.Debug|Any CPU.Build.0 = Debug|Any CPU
		{0817CD3B-52D4-4FAC-84C0-6C6130947B10}.Release|Any CPU.ActiveCfg = Release|Any CPU
		{0817CD3B-52D4-4FAC-84C0-6C6130947B10}.Release|Any CPU.Build.0 = Release|Any CPU
	EndGlobalSection
	GlobalSection(SolutionProperties) = preSolution
		HideSolutionNode = FALSE
	EndGlobalSection
	GlobalSection(ExtensibilityGlobals) = postSolution
		SolutionGuid = {F278A134-8DD8-4906-B320-F0328934D584}
	EndGlobalSection
EndGlobal
